
Microsoft Visual Studio Solution File, Format Version 12.00
# Visual Studio Version 17
VisualStudioVersion = 17.5.33502.453
MinimumVisualStudioVersion = 10.0.40219.1
Project("{FAE04EC0-301F-11D3-BF4B-00C04F79EFBC}") = "API_Tareadef", "API_Tareadef.csproj", "{2F0466FB-ADB6-4230-A470-096D3CAD4085}"
EndProject
Global
	GlobalSection(SolutionConfigurationPlatforms) = preSolution
		Debug|Any CPU = Debug|Any CPU
		Release|Any CPU = Release|Any CPU
	EndGlobalSection
	GlobalSection(ProjectConfigurationPlatforms) = postSolution
		{2F0466FB-ADB6-4230-A470-096D3CAD4085}.Debug|Any CPU.ActiveCfg = Debug|Any CPU
		{2F0466FB-ADB6-4230-A470-096D3CAD4085}.Debug|Any CPU.Build.0 = Debug|Any CPU
		{2F0466FB-ADB6-4230-A470-096D3CAD4085}.Release|Any CPU.ActiveCfg = Release|Any CPU
		{2F0466FB-ADB6-4230-A470-096D3CAD4085}.Release|Any CPU.Build.0 = Release|Any CPU
	EndGlobalSection
	GlobalSection(SolutionProperties) = preSolution
		HideSolutionNode = FALSE
	EndGlobalSection
	GlobalSection(ExtensibilityGlobals) = postSolution
		SolutionGuid = {E7B40C8A-D4A5-4F35-87A0-23B6C4A39464}
	EndGlobalSection
EndGlobal
